Microsoft Visual Studio Solution File, Format Version 11.00
# Visual Studio 2010
Project("{FAE04EC0-301F-11D3-BF4B-00C04F79EFBC}") = "Assembly-CSharp", "Assembly-CSharp.csproj", "{1CECB629-03AD-93BB-A912-39514F7C8FFB}"
EndProject
Project("{FAE04EC0-301F-11D3-BF4B-00C04F79EFBC}") = "Sirenix.OdinInspector.CompatibilityLayer", "Sirenix.OdinInspector.CompatibilityLayer.csproj", "{A48D4229-6EE5-FC39-358C-501DCDD00147}"
EndProject
Project("{FAE04EC0-301F-11D3-BF4B-00C04F79EFBC}") = "Sirenix.OdinInspector.CompatibilityLayer.Editor", "Sirenix.OdinInspector.CompatibilityLayer.Editor.csproj", "{099DDB3D-D7DA-B633-078C-55F85911238D}"
EndProject
Global
	GlobalSection(SolutionConfigurationPlatforms) = preSolution
		Debug|Any CPU = Debug|Any CPU
		Release|Any CPU = Release|Any CPU
	EndGlobalSection
	GlobalSection(ProjectConfigurationPlatforms) = postSolution
		{1CECB629-03AD-93BB-A912-39514F7C8FFB}.Debug|Any CPU.ActiveCfg = Debug|Any CPU
		{1CECB629-03AD-93BB-A912-39514F7C8FFB}.Debug|Any CPU.Build.0 = Debug|Any CPU
		{1CECB629-03AD-93BB-A912-39514F7C8FFB}.Release|Any CPU.ActiveCfg = Release|Any CPU
		{1CECB629-03AD-93BB-A912-39514F7C8FFB}.Release|Any CPU.Build.0 = Release|Any CPU
		{A48D4229-6EE5-FC39-358C-501DCDD00147}.Debug|Any CPU.ActiveCfg = Debug|Any CPU
		{A48D4229-6EE5-FC39-358C-501DCDD00147}.Debug|Any CPU.Build.0 = Debug|Any CPU
		{A48D4229-6EE5-FC39-358C-501DCDD00147}.Release|Any CPU.ActiveCfg = Release|Any CPU
		{A48D4229-6EE5-FC39-358C-501DCDD00147}.Release|Any CPU.Build.0 = Release|Any CPU
		{099DDB3D-D7DA-B633-078C-55F85911238D}.Debug|Any CPU.ActiveCfg = Debug|Any CPU
		{099DDB3D-D7DA-B633-078C-55F85911238D}.Debug|Any CPU.Build.0 = Debug|Any CPU
		{099DDB3D-D7DA-B633-078C-55F85911238D}.Release|Any CPU.ActiveCfg = Release|Any CPU
		{099DDB3D-D7DA-B633-078C-55F85911238D}.Release|Any CPU.Build.0 = Release|Any CPU
	EndGlobalSection
	GlobalSection(SolutionProperties) = preSolution
		HideSolutionNode = FALSE
	EndGlobalSection
EndGlobal
